// !$*UTF8*$!
{
	archiveVersion = 1;
	classes = {
	};
	objectVersion = 51;
	objects = {

/* Begin PBXBuildFile section */
		544913C02550AF6E00413AA2 /* AppDelegate.swift in Sources */ = {isa = PBXBuildFile; fileRef = 544913BF2550AF6E00413AA2 /* AppDelegate.swift */; };
		544913C92550AF6E00413AA2 /* Assets.xcassets in Resources */ = {isa = PBXBuildFile; fileRef = 544913C82550AF6E00413AA2 /* Assets.xcassets */; };
		544913CC2550AF6E00413AA2 /* LaunchScreen.storyboard in Resources */ = {isa = PBXBuildFile; fileRef = 544913CA2550AF6E00413AA2 /* LaunchScreen.storyboard */; };
		544913D72550AF6E00413AA2 /* BookStore_MariaEugeniaTests.swift in Sources */ = {isa = PBXBuildFile; fileRef = 544913D62550AF6E00413AA2 /* BookStore_MariaEugeniaTests.swift */; };
		544913E22550AF6E00413AA2 /* BookStore_MariaEugeniaUITests.swift in Sources */ = {isa = PBXBuildFile; fileRef = 544913E12550AF6E00413AA2 /* BookStore_MariaEugeniaUITests.swift */; };
		544914002550B46500413AA2 /* Endpoint.swift in Sources */ = {isa = PBXBuildFile; fileRef = 544913FF2550B46500413AA2 /* Endpoint.swift */; };
		544914122550B51300413AA2 /* APIService.swift in Sources */ = {isa = PBXBuildFile; fileRef = 544914112550B51300413AA2 /* APIService.swift */; };
		544914182550B5BD00413AA2 /* Constants.swift in Sources */ = {isa = PBXBuildFile; fileRef = 544914172550B5BD00413AA2 /* Constants.swift */; };
		5449142D2550B70700413AA2 /* NetworkProvider.swift in Sources */ = {isa = PBXBuildFile; fileRef = 5449142C2550B70700413AA2 /* NetworkProvider.swift */; };
		544914332550B71E00413AA2 /* DataDecoding.swift in Sources */ = {isa = PBXBuildFile; fileRef = 544914322550B71E00413AA2 /* DataDecoding.swift */; };
		544914382550B73100413AA2 /* JSONDataDecoder.swift in Sources */ = {isa = PBXBuildFile; fileRef = 544914372550B73100413AA2 /* JSONDataDecoder.swift */; };
		5449143D2550B74200413AA2 /* NetworkError.swift in Sources */ = {isa = PBXBuildFile; fileRef = 5449143C2550B74200413AA2 /* NetworkError.swift */; };
		544914432550B78F00413AA2 /* ParameterEncoding.swift in Sources */ = {isa = PBXBuildFile; fileRef = 544914422550B78F00413AA2 /* ParameterEncoding.swift */; };
		5449144B2550B79D00413AA2 /* URLParameterEncoder.swift in Sources */ = {isa = PBXBuildFile; fileRef = 5449144A2550B79D00413AA2 /* URLParameterEncoder.swift */; };
		544914502550B80100413AA2 /* NetworkLogger.swift in Sources */ = {isa = PBXBuildFile; fileRef = 5449144F2550B80100413AA2 /* NetworkLogger.swift */; };
		544914562550BB9500413AA2 /* ViewControllerConfigurating.swift in Sources */ = {isa = PBXBuildFile; fileRef = 544914552550BB9500413AA2 /* ViewControllerConfigurating.swift */; };
		5449145E2550BC9200413AA2 /* ViewController.swift in Sources */ = {isa = PBXBuildFile; fileRef = 5449145D2550BC9200413AA2 /* ViewController.swift */; };
		544914632550BCAB00413AA2 /* CollectionViewCell.swift in Sources */ = {isa = PBXBuildFile; fileRef = 544914622550BCAB00413AA2 /* CollectionViewCell.swift */; };
		544914692550BEF700413AA2 /* BookCell.swift in Sources */ = {isa = PBXBuildFile; fileRef = 544914682550BEF700413AA2 /* BookCell.swift */; };
		544914702550BF2100413AA2 /* UIImageViewExtensions.swift in Sources */ = {isa = PBXBuildFile; fileRef = 5449146F2550BF2100413AA2 /* UIImageViewExtensions.swift */; };
		5449147E2550BF6D00413AA2 /* BookListPresenter.swift in Sources */ = {isa = PBXBuildFile; fileRef = 544914782550BF6D00413AA2 /* BookListPresenter.swift */; };
		5449147F2550BF6D00413AA2 /* BookListWorker.swift in Sources */ = {isa = PBXBuildFile; fileRef = 544914792550BF6D00413AA2 /* BookListWorker.swift */; };
		544914802550BF6D00413AA2 /* BookListRouter.swift in Sources */ = {isa = PBXBuildFile; fileRef = 5449147A2550BF6D00413AA2 /* BookListRouter.swift */; };
		544914812550BF6D00413AA2 /* BookListModels.swift in Sources */ = {isa = PBXBuildFile; fileRef = 5449147B2550BF6D00413AA2 /* BookListModels.swift */; };
		544914822550BF6D00413AA2 /* BookListViewController.swift in Sources */ = {isa = PBXBuildFile; fileRef = 5449147C2550BF6D00413AA2 /* BookListViewController.swift */; };
		544914832550BF6D00413AA2 /* BookListInteractor.swift in Sources */ = {isa = PBXBuildFile; fileRef = 5449147D2550BF6D00413AA2 /* BookListInteractor.swift */; };
		54AB6C37255787CE00132C73 /* UIViewControllerExtensions.swift in Sources */ = {isa = PBXBuildFile; fileRef = 54AB6C36255787CE00132C73 /* UIViewControllerExtensions.swift */; };
		54AB6C4625578B1700132C73 /* UICollectionViewExtensions.swift in Sources */ = {isa = PBXBuildFile; fileRef = 54AB6C4525578B1700132C73 /* UICollectionViewExtensions.swift */; };
		54AB6C5525578FD500132C73 /* BookDetailPresenter.swift in Sources */ = {isa = PBXBuildFile; fileRef = 54AB6C4F25578FD500132C73 /* BookDetailPresenter.swift */; };
		54AB6C5625578FD500132C73 /* BookDetailWorker.swift in Sources */ = {isa = PBXBuildFile; fileRef = 54AB6C5025578FD500132C73 /* BookDetailWorker.swift */; };
		54AB6C5725578FD500132C73 /* BookDetailRouter.swift in Sources */ = {isa = PBXBuildFile; fileRef = 54AB6C5125578FD500132C73 /* BookDetailRouter.swift */; };
		54AB6C5825578FD500132C73 /* BookDetailModels.swift in Sources */ = {isa = PBXBuildFile; fileRef = 54AB6C5225578FD500132C73 /* BookDetailModels.swift */; };
		54AB6C5925578FD500132C73 /* BookDetailViewController.swift in Sources */ = {isa = PBXBuildFile; fileRef = 54AB6C5325578FD500132C73 /* BookDetailViewController.swift */; };
		54AB6C5A25578FD500132C73 /* BookDetailInteractor.swift in Sources */ = {isa = PBXBuildFile; fileRef = 54AB6C5425578FD500132C73 /* BookDetailInteractor.swift */; };
		54AB6C5F255799BF00132C73 /* UIStackViewExtensions.swift in Sources */ = {isa = PBXBuildFile; fileRef = 54AB6C5E255799BF00132C73 /* UIStackViewExtensions.swift */; };
		570A24A297426352F2AEFAB7 /* Pods_BookStore_MariaEugenia_BookStore_MariaEugeniaUITests.framework in Frameworks */ = {isa = PBXBuildFile; fileRef = 5195E9206F03F87A4D635452 /* Pods_BookStore_MariaEugenia_BookStore_MariaEugeniaUITests.framework */; };
		60FCE49D4A091AD492DE7D57 /* Pods_BookStore_MariaEugeniaTests.framework in Frameworks */ = {isa = PBXBuildFile; fileRef = FA6BA85E67956C094CBF0362 /* Pods_BookStore_MariaEugeniaTests.framework */; };
		E1D54AA7A6BF816D50D74877 /* Pods_BookStore_MariaEugenia.framework in Frameworks */ = {isa = PBXBuildFile; fileRef = 00FC6415689640A6F92D991F /* Pods_BookStore_MariaEugenia.framework */; };
/* End PBXBuildFile section */

/* Begin PBXContainerItemProxy section */
		544913D32550AF6E00413AA2 /* PBXContainerItemProxy */ = {
			isa = PBXContainerItemProxy;
			containerPortal = 544913B42550AF6D00413AA2 /* Project object */;
			proxyType = 1;
			remoteGlobalIDString = 544913BB2550AF6D00413AA2;
			remoteInfo = BookStore_MariaEugenia;
		};
		544913DE2550AF6E00413AA2 /* PBXContainerItemProxy */ = {
			isa = PBXContainerItemProxy;
			containerPortal = 544913B42550AF6D00413AA2 /* Project object */;
			proxyType = 1;
			remoteGlobalIDString = 544913BB2550AF6D00413AA2;
			remoteInfo = BookStore_MariaEugenia;
		};
/* End PBXContainerItemProxy section */

/* Begin PBXFileReference section */
		00497C77DCA048C0D06191EE /* Pods-BookStore_MariaEugeniaTests.debug.xcconfig */ = {isa = PBXFileReference; includeInIndex = 1; lastKnownFileType = text.xcconfig; name = "Pods-BookStore_MariaEugeniaTests.debug.xcconfig"; path = "Target Support Files/Pods-BookStore_MariaEugeniaTests/Pods-BookStore_MariaEugeniaTests.debug.xcconfig"; sourceTree = "<group>"; };
		00FC6415689640A6F92D991F /* Pods_BookStore_MariaEugenia.framework */ = {isa = PBXFileReference; explicitFileType = wrapper.framework; includeInIndex = 0; path = Pods_BookStore_MariaEugenia.framework; sourceTree = BUILT_PRODUCTS_DIR; };
		20C385A5A2EA84293ECA39CF /* Pods-BookStore_MariaEugeniaTests.release.xcconfig */ = {isa = PBXFileReference; includeInIndex = 1; lastKnownFileType = text.xcconfig; name = "Pods-BookStore_MariaEugeniaTests.release.xcconfig"; path = "Target Support Files/Pods-BookStore_MariaEugeniaTests/Pods-BookStore_MariaEugeniaTests.release.xcconfig"; sourceTree = "<group>"; };
		27C835F8DC75DE8A796D1656 /* Pods-BookStore_MariaEugenia.release.xcconfig */ = {isa = PBXFileReference; includeInIndex = 1; lastKnownFileType = text.xcconfig; name = "Pods-BookStore_MariaEugenia.release.xcconfig"; path = "Target Support Files/Pods-BookStore_MariaEugenia/Pods-BookStore_MariaEugenia.release.xcconfig"; sourceTree = "<group>"; };
		362119D66AFD4714F14C1622 /* Pods-BookStore_MariaEugenia-BookStore_MariaEugeniaUITests.debug.xcconfig */ = {isa = PBXFileReference; includeInIndex = 1; lastKnownFileType = text.xcconfig; name = "Pods-BookStore_MariaEugenia-BookStore_MariaEugeniaUITests.debug.xcconfig"; path = "Target Support Files/Pods-BookStore_MariaEugenia-BookStore_MariaEugeniaUITests/Pods-BookStore_MariaEugenia-BookStore_MariaEugeniaUITests.debug.xcconfig"; sourceTree = "<group>"; };
		5195E9206F03F87A4D635452 /* Pods_BookStore_MariaEugenia_BookStore_MariaEugeniaUITests.framework */ = {isa = PBXFileReference; explicitFileType = wrapper.framework; includeInIndex = 0; path = Pods_BookStore_MariaEugenia_BookStore_MariaEugeniaUITests.framework; sourceTree = BUILT_PRODUCTS_DIR; };
		544913BC2550AF6E00413AA2 /* BookStore_MariaEugenia.app */ = {isa = PBXFileReference; explicitFileType = wrapper.application; includeInIndex = 0; path = BookStore_MariaEugenia.app; sourceTree = BUILT_PRODUCTS_DIR; };
		544913BF2550AF6E00413AA2 /* AppDelegate.swift */ = {isa = PBXFileReference; lastKnownFileType = sourcecode.swift; path = AppDelegate.swift; sourceTree = "<group>"; };
		544913C82550AF6E00413AA2 /* Assets.xcassets */ = {isa = PBXFileReference; lastKnownFileType = folder.assetcatalog; path = Assets.xcassets; sourceTree = "<group>"; };
		544913CB2550AF6E00413AA2 /* Base */ = {isa = PBXFileReference; lastKnownFileType = file.storyboard; name = Base; path = Base.lproj/LaunchScreen.storyboard; sourceTree = "<group>"; };
		544913CD2550AF6E00413AA2 /* Info.plist */ = {isa = PBXFileReference; lastKnownFileType = text.plist.xml; path = Info.plist; sourceTree = "<group>"; };
		544913D22550AF6E00413AA2 /* BookStore_MariaEugeniaTests.xctest */ = {isa = PBXFileReference; explicitFileType = wrapper.cfbundle; includeInIndex = 0; path = BookStore_MariaEugeniaTests.xctest; sourceTree = BUILT_PRODUCTS_DIR; };
		544913D62550AF6E00413AA2 /* BookStore_MariaEugeniaTests.swift */ = {isa = PBXFileReference; lastKnownFileType = sourcecode.swift; path = BookStore_MariaEugeniaTests.swift; sourceTree = "<group>"; };
		544913D82550AF6E00413AA2 /* Info.plist */ = {isa = PBXFileReference; lastKnownFileType = text.plist.xml; path = Info.plist; sourceTree = "<group>"; };
		544913DD2550AF6E00413AA2 /* BookStore_MariaEugeniaUITests.xctest */ = {isa = PBXFileReference; explicitFileType = wrapper.cfbundle; includeInIndex = 0; path = BookStore_MariaEugeniaUITests.xctest; sourceTree = BUILT_PRODUCTS_DIR; };
		544913E12550AF6E00413AA2 /* BookStore_MariaEugeniaUITests.swift */ = {isa = PBXFileReference; lastKnownFileType = sourcecode.swift; path = BookStore_MariaEugeniaUITests.swift; sourceTree = "<group>"; };
		544913E32550AF6E00413AA2 /* Info.plist */ = {isa = PBXFileReference; lastKnownFileType = text.plist.xml; path = Info.plist; sourceTree = "<group>"; };
		544913FF2550B46500413AA2 /* Endpoint.swift */ = {isa = PBXFileReference; lastKnownFileType = sourcecode.swift; path = Endpoint.swift; sourceTree = "<group>"; };
		544914112550B51300413AA2 /* APIService.swift */ = {isa = PBXFileReference; lastKnownFileType = sourcecode.swift; path = APIService.swift; sourceTree = "<group>"; };
		544914172550B5BD00413AA2 /* Constants.swift */ = {isa = PBXFileReference; lastKnownFileType = sourcecode.swift; path = Constants.swift; sourceTree = "<group>"; };
		5449142C2550B70700413AA2 /* NetworkProvider.swift */ = {isa = PBXFileReference; lastKnownFileType = sourcecode.swift; path = NetworkProvider.swift; sourceTree = "<group>"; };
		544914322550B71E00413AA2 /* DataDecoding.swift */ = {isa = PBXFileReference; lastKnownFileType = sourcecode.swift; path = DataDecoding.swift; sourceTree = "<group>"; };
		544914372550B73100413AA2 /* JSONDataDecoder.swift */ = {isa = PBXFileReference; lastKnownFileType = sourcecode.swift; path = JSONDataDecoder.swift; sourceTree = "<group>"; };
		5449143C2550B74200413AA2 /* NetworkError.swift */ = {isa = PBXFileReference; lastKnownFileType = sourcecode.swift; path = NetworkError.swift; sourceTree = "<group>"; };
		544914422550B78F00413AA2 /* ParameterEncoding.swift */ = {isa = PBXFileReference; lastKnownFileType = sourcecode.swift; path = ParameterEncoding.swift; sourceTree = "<group>"; };
		5449144A2550B79D00413AA2 /* URLParameterEncoder.swift */ = {isa = PBXFileReference; lastKnownFileType = sourcecode.swift; path = URLParameterEncoder.swift; sourceTree = "<group>"; };
		5449144F2550B80100413AA2 /* NetworkLogger.swift */ = {isa = PBXFileReference; lastKnownFileType = sourcecode.swift; path = NetworkLogger.swift; sourceTree = "<group>"; };
		544914552550BB9500413AA2 /* ViewControllerConfigurating.swift */ = {isa = PBXFileReference; lastKnownFileType = sourcecode.swift; path = ViewControllerConfigurating.swift; sourceTree = "<group>"; };
		5449145D2550BC9200413AA2 /* ViewController.swift */ = {isa = PBXFileReference; lastKnownFileType = sourcecode.swift; path = ViewController.swift; sourceTree = "<group>"; };
		544914622550BCAB00413AA2 /* CollectionViewCell.swift */ = {isa = PBXFileReference; lastKnownFileType = sourcecode.swift; path = CollectionViewCell.swift; sourceTree = "<group>"; };
		544914682550BEF700413AA2 /* BookCell.swift */ = {isa = PBXFileReference; lastKnownFileType = sourcecode.swift; path = BookCell.swift; sourceTree = "<group>"; };
		5449146F2550BF2100413AA2 /* UIImageViewExtensions.swift */ = {isa = PBXFileReference; lastKnownFileType = sourcecode.swift; path = UIImageViewExtensions.swift; sourceTree = "<group>"; };
		544914782550BF6D00413AA2 /* BookListPresenter.swift */ = {isa = PBXFileReference; lastKnownFileType = sourcecode.swift; path = BookListPresenter.swift; sourceTree = "<group>"; };
		544914792550BF6D00413AA2 /* BookListWorker.swift */ = {isa = PBXFileReference; lastKnownFileType = sourcecode.swift; path = BookListWorker.swift; sourceTree = "<group>"; };
		5449147A2550BF6D00413AA2 /* BookListRouter.swift */ = {isa = PBXFileReference; lastKnownFileType = sourcecode.swift; path = BookListRouter.swift; sourceTree = "<group>"; };
		5449147B2550BF6D00413AA2 /* BookListModels.swift */ = {isa = PBXFileReference; lastKnownFileType = sourcecode.swift; path = BookListModels.swift; sourceTree = "<group>"; };
		5449147C2550BF6D00413AA2 /* BookListViewController.swift */ = {isa = PBXFileReference; lastKnownFileType = sourcecode.swift; path = BookListViewController.swift; sourceTree = "<group>"; };
		5449147D2550BF6D00413AA2 /* BookListInteractor.swift */ = {isa = PBXFileReference; lastKnownFileType = sourcecode.swift; path = BookListInteractor.swift; sourceTree = "<group>"; };
		54AB6C36255787CE00132C73 /* UIViewControllerExtensions.swift */ = {isa = PBXFileReference; lastKnownFileType = sourcecode.swift; path = UIViewControllerExtensions.swift; sourceTree = "<group>"; };
		54AB6C4525578B1700132C73 /* UICollectionViewExtensions.swift */ = {isa = PBXFileReference; lastKnownFileType = sourcecode.swift; path = UICollectionViewExtensions.swift; sourceTree = "<group>"; };
		54AB6C4F25578FD500132C73 /* BookDetailPresenter.swift */ = {isa = PBXFileReference; lastKnownFileType = sourcecode.swift; path = BookDetailPresenter.swift; sourceTree = "<group>"; };
		54AB6C5025578FD500132C73 /* BookDetailWorker.swift */ = {isa = PBXFileReference; lastKnownFileType = sourcecode.swift; path = BookDetailWorker.swift; sourceTree = "<group>"; };
		54AB6C5125578FD500132C73 /* BookDetailRouter.swift */ = {isa = PBXFileReference; lastKnownFileType = sourcecode.swift; path = BookDetailRouter.swift; sourceTree = "<group>"; };
		54AB6C5225578FD500132C73 /* BookDetailModels.swift */ = {isa = PBXFileReference; lastKnownFileType = sourcecode.swift; path = BookDetailModels.swift; sourceTree = "<group>"; };
		54AB6C5325578FD500132C73 /* BookDetailViewController.swift */ = {isa = PBXFileReference; lastKnownFileType = sourcecode.swift; path = BookDetailViewController.swift; sourceTree = "<group>"; };
		54AB6C5425578FD500132C73 /* BookDetailInteractor.swift */ = {isa = PBXFileReference; lastKnownFileType = sourcecode.swift; path = BookDetailInteractor.swift; sourceTree = "<group>"; };
		54AB6C5E255799BF00132C73 /* UIStackViewExtensions.swift */ = {isa = PBXFileReference; lastKnownFileType = sourcecode.swift; path = UIStackViewExtensions.swift; sourceTree = "<group>"; };
		F0B2C77078CDE42386F2F83A /* Pods-BookStore_MariaEugenia-BookStore_MariaEugeniaUITests.release.xcconfig */ = {isa = PBXFileReference; includeInIndex = 1; lastKnownFileType = text.xcconfig; name = "Pods-BookStore_MariaEugenia-BookStore_MariaEugeniaUITests.release.xcconfig"; path = "Target Support Files/Pods-BookStore_MariaEugenia-BookStore_MariaEugeniaUITests/Pods-BookStore_MariaEugenia-BookStore_MariaEugeniaUITests.release.xcconfig"; sourceTree = "<group>"; };
		F965DD1F4BFC8DB64E1D75AE /* Pods-BookStore_MariaEugenia.debug.xcconfig */ = {isa = PBXFileReference; includeInIndex = 1; lastKnownFileType = text.xcconfig; name = "Pods-BookStore_MariaEugenia.debug.xcconfig"; path = "Target Support Files/Pods-BookStore_MariaEugenia/Pods-BookStore_MariaEugenia.debug.xcconfig"; sourceTree = "<group>"; };
		FA6BA85E67956C094CBF0362 /* Pods_BookStore_MariaEugeniaTests.framework */ = {isa = PBXFileReference; explicitFileType = wrapper.framework; includeInIndex = 0; path = Pods_BookStore_MariaEugeniaTests.framework; sourceTree = BUILT_PRODUCTS_DIR; };
/* End PBXFileReference section */

/* Begin PBXFrameworksBuildPhase section */
		544913B92550AF6D00413AA2 /* Frameworks */ = {
			isa = PBXFrameworksBuildPhase;
			buildActionMask = 2147483647;
			files = (
				E1D54AA7A6BF816D50D74877 /* Pods_BookStore_MariaEugenia.framework in Frameworks */,
			);
			runOnlyForDeploymentPostprocessing = 0;
		};
		544913CF2550AF6E00413AA2 /* Frameworks */ = {
			isa = PBXFrameworksBuildPhase;
			buildActionMask = 2147483647;
			files = (
				60FCE49D4A091AD492DE7D57 /* Pods_BookStore_MariaEugeniaTests.framework in Frameworks */,
			);
			runOnlyForDeploymentPostprocessing = 0;
		};
		544913DA2550AF6E00413AA2 /* Frameworks */ = {
			isa = PBXFrameworksBuildPhase;
			buildActionMask = 2147483647;
			files = (
				570A24A297426352F2AEFAB7 /* Pods_BookStore_MariaEugenia_BookStore_MariaEugeniaUITests.framework in Frameworks */,
			);
			runOnlyForDeploymentPostprocessing = 0;
		};
/* End PBXFrameworksBuildPhase section */

/* Begin PBXGroup section */
		544913B32550AF6D00413AA2 = {
			isa = PBXGroup;
			children = (
				544913BE2550AF6E00413AA2 /* BookStore_MariaEugenia */,
				544913D52550AF6E00413AA2 /* BookStore_MariaEugeniaTests */,
				544913E02550AF6E00413AA2 /* BookStore_MariaEugeniaUITests */,
				544913BD2550AF6E00413AA2 /* Products */,
				7806C4FB74EB934166022883 /* Pods */,
				7E74132AF90AEE34EFF5F5E8 /* Frameworks */,
			);
			sourceTree = "<group>";
		};
		544913BD2550AF6E00413AA2 /* Products */ = {
			isa = PBXGroup;
			children = (
				544913BC2550AF6E00413AA2 /* BookStore_MariaEugenia.app */,
				544913D22550AF6E00413AA2 /* BookStore_MariaEugeniaTests.xctest */,
				544913DD2550AF6E00413AA2 /* BookStore_MariaEugeniaUITests.xctest */,
			);
			name = Products;
			sourceTree = "<group>";
		};
		544913BE2550AF6E00413AA2 /* BookStore_MariaEugenia */ = {
			isa = PBXGroup;
			children = (
				544914162550B5A100413AA2 /* Resources */,
				544914542550BB8000413AA2 /* AbstractClasses */,
				5449146D2550BF0A00413AA2 /* Extensions */,
				544914672550BEE200413AA2 /* View */,
				544913FE2550B45300413AA2 /* Network */,
				544914772550BF5100413AA2 /* Scenes */,
				544913BF2550AF6E00413AA2 /* AppDelegate.swift */,
				544913C82550AF6E00413AA2 /* Assets.xcassets */,
				544913CA2550AF6E00413AA2 /* LaunchScreen.storyboard */,
				544913CD2550AF6E00413AA2 /* Info.plist */,
			);
			path = BookStore_MariaEugenia;
			sourceTree = "<group>";
		};
		544913D52550AF6E00413AA2 /* BookStore_MariaEugeniaTests */ = {
			isa = PBXGroup;
			children = (
				544913D62550AF6E00413AA2 /* BookStore_MariaEugeniaTests.swift */,
				544913D82550AF6E00413AA2 /* Info.plist */,
			);
			path = BookStore_MariaEugeniaTests;
			sourceTree = "<group>";
		};
		544913E02550AF6E00413AA2 /* BookStore_MariaEugeniaUITests */ = {
			isa = PBXGroup;
			children = (
				544913E12550AF6E00413AA2 /* BookStore_MariaEugeniaUITests.swift */,
				544913E32550AF6E00413AA2 /* Info.plist */,
			);
			path = BookStore_MariaEugeniaUITests;
			sourceTree = "<group>";
		};
		544913FE2550B45300413AA2 /* Network */ = {
			isa = PBXGroup;
			children = (
				544914312550B71000413AA2 /* Decoding */,
				544914412550B77800413AA2 /* Encoding */,
				544913FF2550B46500413AA2 /* Endpoint.swift */,
				544914112550B51300413AA2 /* APIService.swift */,
				5449142C2550B70700413AA2 /* NetworkProvider.swift */,
				5449143C2550B74200413AA2 /* NetworkError.swift */,
				5449144F2550B80100413AA2 /* NetworkLogger.swift */,
			);
			path = Network;
			sourceTree = "<group>";
		};
		544914162550B5A100413AA2 /* Resources */ = {
			isa = PBXGroup;
			children = (
				544914172550B5BD00413AA2 /* Constants.swift */,
			);
			path = Resources;
			sourceTree = "<group>";
		};
		544914312550B71000413AA2 /* Decoding */ = {
			isa = PBXGroup;
			children = (
				544914322550B71E00413AA2 /* DataDecoding.swift */,
				544914372550B73100413AA2 /* JSONDataDecoder.swift */,
			);
			path = Decoding;
			sourceTree = "<group>";
		};
		544914412550B77800413AA2 /* Encoding */ = {
			isa = PBXGroup;
			children = (
				544914422550B78F00413AA2 /* ParameterEncoding.swift */,
				5449144A2550B79D00413AA2 /* URLParameterEncoder.swift */,
			);
			path = Encoding;
			sourceTree = "<group>";
		};
		544914542550BB8000413AA2 /* AbstractClasses */ = {
			isa = PBXGroup;
			children = (
				544914552550BB9500413AA2 /* ViewControllerConfigurating.swift */,
				5449145D2550BC9200413AA2 /* ViewController.swift */,
				544914622550BCAB00413AA2 /* CollectionViewCell.swift */,
			);
			path = AbstractClasses;
			sourceTree = "<group>";
		};
		544914672550BEE200413AA2 /* View */ = {
			isa = PBXGroup;
			children = (
				544914682550BEF700413AA2 /* BookCell.swift */,
			);
			path = View;
			sourceTree = "<group>";
		};
		5449146D2550BF0A00413AA2 /* Extensions */ = {
			isa = PBXGroup;
			children = (
				5449146F2550BF2100413AA2 /* UIImageViewExtensions.swift */,
				54AB6C36255787CE00132C73 /* UIViewControllerExtensions.swift */,
				54AB6C4525578B1700132C73 /* UICollectionViewExtensions.swift */,
				54AB6C5E255799BF00132C73 /* UIStackViewExtensions.swift */,
			);
			path = Extensions;
			sourceTree = "<group>";
		};
		544914772550BF5100413AA2 /* Scenes */ = {
			isa = PBXGroup;
			children = (
				54AB6C4A25578FA800132C73 /* BookList */,
				54AB6C4E25578FB200132C73 /* BookDetail */,
			);
			path = Scenes;
			sourceTree = "<group>";
		};
		54AB6C4A25578FA800132C73 /* BookList */ = {
			isa = PBXGroup;
			children = (
				5449147B2550BF6D00413AA2 /* BookListModels.swift */,
				544914792550BF6D00413AA2 /* BookListWorker.swift */,
				5449147A2550BF6D00413AA2 /* BookListRouter.swift */,
				5449147D2550BF6D00413AA2 /* BookListInteractor.swift */,
				544914782550BF6D00413AA2 /* BookListPresenter.swift */,
				5449147C2550BF6D00413AA2 /* BookListViewController.swift */,
			);
			path = BookList;
			sourceTree = "<group>";
		};
		54AB6C4E25578FB200132C73 /* BookDetail */ = {
			isa = PBXGroup;
			children = (
				54AB6C5225578FD500132C73 /* BookDetailModels.swift */,
				54AB6C5025578FD500132C73 /* BookDetailWorker.swift */,
				54AB6C5125578FD500132C73 /* BookDetailRouter.swift */,
				54AB6C5425578FD500132C73 /* BookDetailInteractor.swift */,
				54AB6C4F25578FD500132C73 /* BookDetailPresenter.swift */,
				54AB6C5325578FD500132C73 /* BookDetailViewController.swift */,
			);
			path = BookDetail;
			sourceTree = "<group>";
		};
		7806C4FB74EB934166022883 /* Pods */ = {
			isa = PBXGroup;
			children = (
				F965DD1F4BFC8DB64E1D75AE /* Pods-BookStore_MariaEugenia.debug.xcconfig */,
				27C835F8DC75DE8A796D1656 /* Pods-BookStore_MariaEugenia.release.xcconfig */,
				362119D66AFD4714F14C1622 /* Pods-BookStore_MariaEugenia-BookStore_MariaEugeniaUITests.debug.xcconfig */,
				F0B2C77078CDE42386F2F83A /* Pods-BookStore_MariaEugenia-BookStore_MariaEugeniaUITests.release.xcconfig */,
				00497C77DCA048C0D06191EE /* Pods-BookStore_MariaEugeniaTests.debug.xcconfig */,
				20C385A5A2EA84293ECA39CF /* Pods-BookStore_MariaEugeniaTests.release.xcconfig */,
			);
			path = Pods;
			sourceTree = "<group>";
		};
		7E74132AF90AEE34EFF5F5E8 /* Frameworks */ = {
			isa = PBXGroup;
			children = (
				00FC6415689640A6F92D991F /* Pods_BookStore_MariaEugenia.framework */,
				5195E9206F03F87A4D635452 /* Pods_BookStore_MariaEugenia_BookStore_MariaEugeniaUITests.framework */,
				FA6BA85E67956C094CBF0362 /* Pods_BookStore_MariaEugeniaTests.framework */,
			);
			name = Frameworks;
			sourceTree = "<group>";
		};
/* End PBXGroup section */

/* Begin PBXNativeTarget section */
		544913BB2550AF6D00413AA2 /* BookStore_MariaEugenia */ = {
			isa = PBXNativeTarget;
			buildConfigurationList = 544913E62550AF6E00413AA2 /* Build configuration list for PBXNativeTarget "BookStore_MariaEugenia" */;
			buildPhases = (
				76D8D187E5868F6F3836EA98 /* [CP] Check Pods Manifest.lock */,
				544913B82550AF6D00413AA2 /* Sources */,
				544913B92550AF6D00413AA2 /* Frameworks */,
				544913BA2550AF6D00413AA2 /* Resources */,
				A3A1039A3A929DBC901A2E01 /* [CP] Embed Pods Frameworks */,
			);
			buildRules = (
			);
			dependencies = (
			);
			name = BookStore_MariaEugenia;
			productName = BookStore_MariaEugenia;
			productReference = 544913BC2550AF6E00413AA2 /* BookStore_MariaEugenia.app */;
			productType = "com.apple.product-type.application";
		};
		544913D12550AF6E00413AA2 /* BookStore_MariaEugeniaTests */ = {
			isa = PBXNativeTarget;
			buildConfigurationList = 544913E92550AF6E00413AA2 /* Build configuration list for PBXNativeTarget "BookStore_MariaEugeniaTests" */;
			buildPhases = (
				4BCA74128706C89E01C61A09 /* [CP] Check Pods Manifest.lock */,
				544913CE2550AF6E00413AA2 /* Sources */,
				544913CF2550AF6E00413AA2 /* Frameworks */,
				544913D02550AF6E00413AA2 /* Resources */,
			);
			buildRules = (
			);
			dependencies = (
				544913D42550AF6E00413AA2 /* PBXTargetDependency */,
			);
			name = BookStore_MariaEugeniaTests;
			productName = BookStore_MariaEugeniaTests;
			productReference = 544913D22550AF6E00413AA2 /* BookStore_MariaEugeniaTests.xctest */;
			productType = "com.apple.product-type.bundle.unit-test";
		};
		544913DC2550AF6E00413AA2 /* BookStore_MariaEugeniaUITests */ = {
			isa = PBXNativeTarget;
			buildConfigurationList = 544913EC2550AF6E00413AA2 /* Build configuration list for PBXNativeTarget "BookStore_MariaEugeniaUITests" */;
			buildPhases = (
				E82ADA7EE901846B34E1A78A /* [CP] Check Pods Manifest.lock */,
				544913D92550AF6E00413AA2 /* Sources */,
				544913DA2550AF6E00413AA2 /* Frameworks */,
				544913DB2550AF6E00413AA2 /* Resources */,
				E6BC6C2DC4F8694DA6B8173D /* [CP] Embed Pods Frameworks */,
			);
			buildRules = (
			);
			dependencies = (
				544913DF2550AF6E00413AA2 /* PBXTargetDependency */,
			);
			name = BookStore_MariaEugeniaUITests;
			productName = BookStore_MariaEugeniaUITests;
			productReference = 544913DD2550AF6E00413AA2 /* BookStore_MariaEugeniaUITests.xctest */;
			productType = "com.apple.product-type.bundle.ui-testing";
		};
/* End PBXNativeTarget section */

/* Begin PBXProject section */
		544913B42550AF6D00413AA2 /* Project object */ = {
			isa = PBXProject;
			attributes = {
				LastSwiftUpdateCheck = 1210;
				LastUpgradeCheck = 1210;
				TargetAttributes = {
					544913BB2550AF6D00413AA2 = {
						CreatedOnToolsVersion = 12.1;
					};
					544913D12550AF6E00413AA2 = {
						CreatedOnToolsVersion = 12.1;
						TestTargetID = 544913BB2550AF6D00413AA2;
					};
					544913DC2550AF6E00413AA2 = {
						CreatedOnToolsVersion = 12.1;
						TestTargetID = 544913BB2550AF6D00413AA2;
					};
				};
			};
			buildConfigurationList = 544913B72550AF6D00413AA2 /* Build configuration list for PBXProject "BookStore_MariaEugenia" */;
			compatibilityVersion = "Xcode 9.3";
			developmentRegion = en;
			hasScannedForEncodings = 0;
			knownRegions = (
				en,
				Base,
			);
			mainGroup = 544913B32550AF6D00413AA2;
			productRefGroup = 544913BD2550AF6E00413AA2 /* Products */;
			projectDirPath = "";
			projectRoot = "";
			targets = (
				544913BB2550AF6D00413AA2 /* BookStore_MariaEugenia */,
				544913D12550AF6E00413AA2 /* BookStore_MariaEugeniaTests */,
				544913DC2550AF6E00413AA2 /* BookStore_MariaEugeniaUITests */,
			);
		};
/* End PBXProject section */

/* Begin PBXResourcesBuildPhase section */
		544913BA2550AF6D00413AA2 /* Resources */ = {
			isa = PBXResourcesBuildPhase;
			buildActionMask = 2147483647;
			files = (
				544913CC2550AF6E00413AA2 /* LaunchScreen.storyboard in Resources */,
				544913C92550AF6E00413AA2 /* Assets.xcassets in Resources */,
			);
			runOnlyForDeploymentPostprocessing = 0;
		};
		544913D02550AF6E00413AA2 /* Resources */ = {
			isa = PBXResourcesBuildPhase;
			buildActionMask = 2147483647;
			files = (
			);
			runOnlyForDeploymentPostprocessing = 0;
		};
		544913DB2550AF6E00413AA2 /* Resources */ = {
			isa = PBXResourcesBuildPhase;
			buildActionMask = 2147483647;
			files = (
			);
			runOnlyForDeploymentPostprocessing = 0;
		};
/* End PBXResourcesBuildPhase section */

/* Begin PBXShellScriptBuildPhase section */
		4BCA74128706C89E01C61A09 /* [CP] Check Pods Manifest.lock */ = {
			isa = PBXShellScriptBuildPhase;
			buildActionMask = 2147483647;
			files = (
			);
			inputFileListPaths = (
			);
			inputPaths = (
				"${PODS_PODFILE_DIR_PATH}/Podfile.lock",
				"${PODS_ROOT}/Manifest.lock",
			);
			name = "[CP] Check Pods Manifest.lock";
			outputFileListPaths = (
			);
			outputPaths = (
				"$(DERIVED_FILE_DIR)/Pods-BookStore_MariaEugeniaTests-checkManifestLockResult.txt",
			);
			runOnlyForDeploymentPostprocessing = 0;
			shellPath = /bin/sh;
			shellScript = "diff \"${PODS_PODFILE_DIR_PATH}/Podfile.lock\" \"${PODS_ROOT}/Manifest.lock\" > /dev/null\nif [ $? != 0 ] ; then\n    # print error to STDERR\n    echo \"error: The sandbox is not in sync with the Podfile.lock. Run 'pod install' or update your CocoaPods installation.\" >&2\n    exit 1\nfi\n# This output is used by Xcode 'outputs' to avoid re-running this script phase.\necho \"SUCCESS\" > \"${SCRIPT_OUTPUT_FILE_0}\"\n";
			showEnvVarsInLog = 0;
		};
		76D8D187E5868F6F3836EA98 /* [CP] Check Pods Manifest.lock */ = {
			isa = PBXShellScriptBuildPhase;
			buildActionMask = 2147483647;
			files = (
			);
			inputFileListPaths = (
			);
			inputPaths = (
				"${PODS_PODFILE_DIR_PATH}/Podfile.lock",
				"${PODS_ROOT}/Manifest.lock",
			);
			name = "[CP] Check Pods Manifest.lock";
			outputFileListPaths = (
			);
			outputPaths = (
				"$(DERIVED_FILE_DIR)/Pods-BookStore_MariaEugenia-checkManifestLockResult.txt",
			);
			runOnlyForDeploymentPostprocessing = 0;
			shellPath = /bin/sh;
			shellScript = "diff \"${PODS_PODFILE_DIR_PATH}/Podfile.lock\" \"${PODS_ROOT}/Manifest.lock\" > /dev/null\nif [ $? != 0 ] ; then\n    # print error to STDERR\n    echo \"error: The sandbox is not in sync with the Podfile.lock. Run 'pod install' or update your CocoaPods installation.\" >&2\n    exit 1\nfi\n# This output is used by Xcode 'outputs' to avoid re-running this script phase.\necho \"SUCCESS\" > \"${SCRIPT_OUTPUT_FILE_0}\"\n";
			showEnvVarsInLog = 0;
		};
		A3A1039A3A929DBC901A2E01 /* [CP] Embed Pods Frameworks */ = {
			isa = PBXShellScriptBuildPhase;
			buildActionMask = 2147483647;
			files = (
			);
			inputFileListPaths = (
				"${PODS_ROOT}/Target Support Files/Pods-BookStore_MariaEugenia/Pods-BookStore_MariaEugenia-frameworks-${CONFIGURATION}-input-files.xcfilelist",
			);
			name = "[CP] Embed Pods Frameworks";
			outputFileListPaths = (
				"${PODS_ROOT}/Target Support Files/Pods-BookStore_MariaEugenia/Pods-BookStore_MariaEugenia-frameworks-${CONFIGURATION}-output-files.xcfilelist",
			);
			runOnlyForDeploymentPostprocessing = 0;
			shellPath = /bin/sh;
			shellScript = "\"${PODS_ROOT}/Target Support Files/Pods-BookStore_MariaEugenia/Pods-BookStore_MariaEugenia-frameworks.sh\"\n";
			showEnvVarsInLog = 0;
		};
		E6BC6C2DC4F8694DA6B8173D /* [CP] Embed Pods Frameworks */ = {
			isa = PBXShellScriptBuildPhase;
			buildActionMask = 2147483647;
			files = (
			);
			inputFileListPaths = (
				"${PODS_ROOT}/Target Support Files/Pods-BookStore_MariaEugenia-BookStore_MariaEugeniaUITests/Pods-BookStore_MariaEugenia-BookStore_MariaEugeniaUITests-frameworks-${CONFIGURATION}-input-files.xcfilelist",
			);
			name = "[CP] Embed Pods Frameworks";
			outputFileListPaths = (
				"${PODS_ROOT}/Target Support Files/Pods-BookStore_MariaEugenia-BookStore_MariaEugeniaUITests/Pods-BookStore_MariaEugenia-BookStore_MariaEugeniaUITests-frameworks-${CONFIGURATION}-output-files.xcfilelist",
			);
			runOnlyForDeploymentPostprocessing = 0;
			shellPath = /bin/sh;
			shellScript = "\"${PODS_ROOT}/Target Support Files/Pods-BookStore_MariaEugenia-BookStore_MariaEugeniaUITests/Pods-BookStore_MariaEugenia-BookStore_MariaEugeniaUITests-frameworks.sh\"\n";
			showEnvVarsInLog = 0;
		};
		E82ADA7EE901846B34E1A78A /* [CP] Check Pods Manifest.lock */ = {
			isa = PBXShellScriptBuildPhase;
			buildActionMask = 2147483647;
			files = (
			);
			inputFileListPaths = (
			);
			inputPaths = (
				"${PODS_PODFILE_DIR_PATH}/Podfile.lock",
				"${PODS_ROOT}/Manifest.lock",
			);
			name = "[CP] Check Pods Manifest.lock";
			outputFileListPaths = (
			);
			outputPaths = (
				"$(DERIVED_FILE_DIR)/Pods-BookStore_MariaEugenia-BookStore_MariaEugeniaUITests-checkManifestLockResult.txt",
			);
			runOnlyForDeploymentPostprocessing = 0;
			shellPath = /bin/sh;
			shellScript = "diff \"${PODS_PODFILE_DIR_PATH}/Podfile.lock\" \"${PODS_ROOT}/Manifest.lock\" > /dev/null\nif [ $? != 0 ] ; then\n    # print error to STDERR\n    echo \"error: The sandbox is not in sync with the Podfile.lock. Run 'pod install' or update your CocoaPods installation.\" >&2\n    exit 1\nfi\n# This output is used by Xcode 'outputs' to avoid re-running this script phase.\necho \"SUCCESS\" > \"${SCRIPT_OUTPUT_FILE_0}\"\n";
			showEnvVarsInLog = 0;
		};
/* End PBXShellScriptBuildPhase section */

/* Begin PBXSourcesBuildPhase section */
		544913B82550AF6D00413AA2 /* Sources */ = {
			isa = PBXSourcesBuildPhase;
			buildActionMask = 2147483647;
			files = (
				544914502550B80100413AA2 /* NetworkLogger.swift in Sources */,
				544914182550B5BD00413AA2 /* Constants.swift in Sources */,
				5449144B2550B79D00413AA2 /* URLParameterEncoder.swift in Sources */,
				54AB6C5925578FD500132C73 /* BookDetailViewController.swift in Sources */,
				544914832550BF6D00413AA2 /* BookListInteractor.swift in Sources */,
				544914802550BF6D00413AA2 /* BookListRouter.swift in Sources */,
				54AB6C5625578FD500132C73 /* BookDetailWorker.swift in Sources */,
				544914332550B71E00413AA2 /* DataDecoding.swift in Sources */,
				54AB6C5F255799BF00132C73 /* UIStackViewExtensions.swift in Sources */,
				544914692550BEF700413AA2 /* BookCell.swift in Sources */,
				5449145E2550BC9200413AA2 /* ViewController.swift in Sources */,
				544914632550BCAB00413AA2 /* CollectionViewCell.swift in Sources */,
				544914432550B78F00413AA2 /* ParameterEncoding.swift in Sources */,
				544914382550B73100413AA2 /* JSONDataDecoder.swift in Sources */,
				544914002550B46500413AA2 /* Endpoint.swift in Sources */,
				544914122550B51300413AA2 /* APIService.swift in Sources */,
				544914562550BB9500413AA2 /* ViewControllerConfigurating.swift in Sources */,
				5449147E2550BF6D00413AA2 /* BookListPresenter.swift in Sources */,
				544914812550BF6D00413AA2 /* BookListModels.swift in Sources */,
				54AB6C4625578B1700132C73 /* UICollectionViewExtensions.swift in Sources */,
				5449143D2550B74200413AA2 /* NetworkError.swift in Sources */,
				54AB6C5825578FD500132C73 /* BookDetailModels.swift in Sources */,
				544914822550BF6D00413AA2 /* BookListViewController.swift in Sources */,
				54AB6C5A25578FD500132C73 /* BookDetailInteractor.swift in Sources */,
				54AB6C5725578FD500132C73 /* BookDetailRouter.swift in Sources */,
				54AB6C5525578FD500132C73 /* BookDetailPresenter.swift in Sources */,
				5449147F2550BF6D00413AA2 /* BookListWorker.swift in Sources */,
				54AB6C37255787CE00132C73 /* UIViewControllerExtensions.swift in Sources */,
				544913C02550AF6E00413AA2 /* AppDelegate.swift in Sources */,
				544914702550BF2100413AA2 /* UIImageViewExtensions.swift in Sources */,
				5449142D2550B70700413AA2 /* NetworkProvider.swift in Sources */,
			);
			runOnlyForDeploymentPostprocessing = 0;
		};
		544913CE2550AF6E00413AA2 /* Sources */ = {
			isa = PBXSourcesBuildPhase;
			buildActionMask = 2147483647;
			files = (
				544913D72550AF6E00413AA2 /* BookStore_MariaEugeniaTests.swift in Sources */,
			);
			runOnlyForDeploymentPostprocessing = 0;
		};
		544913D92550AF6E00413AA2 /* Sources */ = {
			isa = PBXSourcesBuildPhase;
			buildActionMask = 2147483647;
			files = (
				544913E22550AF6E00413AA2 /* BookStore_MariaEugeniaUITests.swift in Sources */,
			);
			runOnlyForDeploymentPostprocessing = 0;
		};
/* End PBXSourcesBuildPhase section */

/* Begin PBXTargetDependency section */
		544913D42550AF6E00413AA2 /* PBXTargetDependency */ = {
			isa = PBXTargetDependency;
			target = 544913BB2550AF6D00413AA2 /* BookStore_MariaEugenia */;
			targetProxy = 544913D32550AF6E00413AA2 /* PBXContainerItemProxy */;
		};
		544913DF2550AF6E00413AA2 /* PBXTargetDependency */ = {
			isa = PBXTargetDependency;
			target = 544913BB2550AF6D00413AA2 /* BookStore_MariaEugenia */;
			targetProxy = 544913DE2550AF6E00413AA2 /* PBXContainerItemProxy */;
		};
/* End PBXTargetDependency section */

/* Begin PBXVariantGroup section */
		544913CA2550AF6E00413AA2 /* LaunchScreen.storyboard */ = {
			isa = PBXVariantGroup;
			children = (
				544913CB2550AF6E00413AA2 /* Base */,
			);
			name = LaunchScreen.storyboard;
			sourceTree = "<group>";
		};
/* End PBXVariantGroup section */

/* Begin XCBuildConfiguration section */
		544913E42550AF6E00413AA2 /* Debug */ = {
			isa = XCBuildConfiguration;
			buildSettings = {
				ALWAYS_SEARCH_USER_PATHS = NO;
				CLANG_ANALYZER_NONNULL = YES;
				CLANG_ANALYZER_NUMBER_OBJECT_CONVERSION = YES_AGGRESSIVE;
				CLANG_CXX_LANGUAGE_STANDARD = "gnu++14";
				CLANG_CXX_LIBRARY = "libc++";
				CLANG_ENABLE_MODULES = YES;
				CLANG_ENABLE_OBJC_ARC = YES;
				CLANG_ENABLE_OBJC_WEAK = YES;
				CLANG_WARN_BLOCK_CAPTURE_AUTORELEASING = YES;
				CLANG_WARN_BOOL_CONVERSION = YES;
				CLANG_WARN_COMMA = YES;
				CLANG_WARN_CONSTANT_CONVERSION = YES;
				CLANG_WARN_DEPRECATED_OBJC_IMPLEMENTATIONS = YES;
				CLANG_WARN_DIRECT_OBJC_ISA_USAGE = YES_ERROR;
				CLANG_WARN_DOCUMENTATION_COMMENTS = YES;
				CLANG_WARN_EMPTY_BODY = YES;
				CLANG_WARN_ENUM_CONVERSION = YES;
				CLANG_WARN_INFINITE_RECURSION = YES;
				CLANG_WARN_INT_CONVERSION = YES;
				CLANG_WARN_NON_LITERAL_NULL_CONVERSION = YES;
				CLANG_WARN_OBJC_IMPLICIT_RETAIN_SELF = YES;
				CLANG_WARN_OBJC_LITERAL_CONVERSION = YES;
				CLANG_WARN_OBJC_ROOT_CLASS = YES_ERROR;
				CLANG_WARN_QUOTED_INCLUDE_IN_FRAMEWORK_HEADER = YES;
				CLANG_WARN_RANGE_LOOP_ANALYSIS = YES;
				CLANG_WARN_STRICT_PROTOTYPES = YES;
				CLANG_WARN_SUSPICIOUS_MOVE = YES;
				CLANG_WARN_UNGUARDED_AVAILABILITY = YES_AGGRESSIVE;
				CLANG_WARN_UNREACHABLE_CODE = YES;
				CLANG_WARN__DUPLICATE_METHOD_MATCH = YES;
				COPY_PHASE_STRIP = NO;
				DEBUG_INFORMATION_FORMAT = dwarf;
				ENABLE_STRICT_OBJC_MSGSEND = YES;
				ENABLE_TESTABILITY = YES;
				GCC_C_LANGUAGE_STANDARD = gnu11;
				GCC_DYNAMIC_NO_PIC = NO;
				GCC_NO_COMMON_BLOCKS = YES;
				GCC_OPTIMIZATION_LEVEL = 0;
				GCC_PREPROCESSOR_DEFINITIONS = (
					"DEBUG=1",
					"$(inherited)",
				);
				GCC_WARN_64_TO_32_BIT_CONVERSION = YES;
				GCC_WARN_ABOUT_RETURN_TYPE = YES_ERROR;
				GCC_WARN_UNDECLARED_SELECTOR = YES;
				GCC_WARN_UNINITIALIZED_AUTOS = YES_AGGRESSIVE;
				GCC_WARN_UNUSED_FUNCTION = YES;
				GCC_WARN_UNUSED_VARIABLE = YES;
				IPHONEOS_DEPLOYMENT_TARGET = 14.1;
				MTL_ENABLE_DEBUG_INFO = INCLUDE_SOURCE;
				MTL_FAST_MATH = YES;
				ONLY_ACTIVE_ARCH = YES;
				SDKROOT = iphoneos;
				SWIFT_ACTIVE_COMPILATION_CONDITIONS = DEBUG;
				SWIFT_OPTIMIZATION_LEVEL = "-Onone";
			};
			name = Debug;
		};
		544913E52550AF6E00413AA2 /* Release */ = {
			isa = XCBuildConfiguration;
			buildSettings = {
				ALWAYS_SEARCH_USER_PATHS = NO;
				CLANG_ANALYZER_NONNULL = YES;
				CLANG_ANALYZER_NUMBER_OBJECT_CONVERSION = YES_AGGRESSIVE;
				CLANG_CXX_LANGUAGE_STANDARD = "gnu++14";
				CLANG_CXX_LIBRARY = "libc++";
				CLANG_ENABLE_MODULES = YES;
				CLANG_ENABLE_OBJC_ARC = YES;
				CLANG_ENABLE_OBJC_WEAK = YES;
				CLANG_WARN_BLOCK_CAPTURE_AUTORELEASING = YES;
				CLANG_WARN_BOOL_CONVERSION = YES;
				CLANG_WARN_COMMA = YES;
				CLANG_WARN_CONSTANT_CONVERSION = YES;
				CLANG_WARN_DEPRECATED_OBJC_IMPLEMENTATIONS = YES;
				CLANG_WARN_DIRECT_OBJC_ISA_USAGE = YES_ERROR;
				CLANG_WARN_DOCUMENTATION_COMMENTS = YES;
				CLANG_WARN_EMPTY_BODY = YES;
				CLANG_WARN_ENUM_CONVERSION = YES;
				CLANG_WARN_INFINITE_RECURSION = YES;
				CLANG_WARN_INT_CONVERSION = YES;
				CLANG_WARN_NON_LITERAL_NULL_CONVERSION = YES;
				CLANG_WARN_OBJC_IMPLICIT_RETAIN_SELF = YES;
				CLANG_WARN_OBJC_LITERAL_CONVERSION = YES;
				CLANG_WARN_OBJC_ROOT_CLASS = YES_ERROR;
				CLANG_WARN_QUOTED_INCLUDE_IN_FRAMEWORK_HEADER = YES;
				CLANG_WARN_RANGE_LOOP_ANALYSIS = YES;
				CLANG_WARN_STRICT_PROTOTYPES = YES;
				CLANG_WARN_SUSPICIOUS_MOVE = YES;
				CLANG_WARN_UNGUARDED_AVAILABILITY = YES_AGGRESSIVE;
				CLANG_WARN_UNREACHABLE_CODE = YES;
				CLANG_WARN__DUPLICATE_METHOD_MATCH = YES;
				COPY_PHASE_STRIP = NO;
				DEBUG_INFORMATION_FORMAT = "dwarf-with-dsym";
				ENABLE_NS_ASSERTIONS = NO;
				ENABLE_STRICT_OBJC_MSGSEND = YES;
				GCC_C_LANGUAGE_STANDARD = gnu11;
				GCC_NO_COMMON_BLOCKS = YES;
				GCC_WARN_64_TO_32_BIT_CONVERSION = YES;
				GCC_WARN_ABOUT_RETURN_TYPE = YES_ERROR;
				GCC_WARN_UNDECLARED_SELECTOR = YES;
				GCC_WARN_UNINITIALIZED_AUTOS = YES_AGGRESSIVE;
				GCC_WARN_UNUSED_FUNCTION = YES;
				GCC_WARN_UNUSED_VARIABLE = YES;
				IPHONEOS_DEPLOYMENT_TARGET = 14.1;
				MTL_ENABLE_DEBUG_INFO = NO;
				MTL_FAST_MATH = YES;
				SDKROOT = iphoneos;
				SWIFT_COMPILATION_MODE = wholemodule;
				SWIFT_OPTIMIZATION_LEVEL = "-O";
				VALIDATE_PRODUCT = YES;
			};
			name = Release;
		};
		544913E72550AF6E00413AA2 /* Debug */ = {
			isa = XCBuildConfiguration;
			baseConfigurationReference = F965DD1F4BFC8DB64E1D75AE /* Pods-BookStore_MariaEugenia.debug.xcconfig */;
			buildSettings = {
				ASSETCATALOG_COMPILER_APPICON_NAME = AppIcon;
				ASSETCATALOG_COMPILER_GLOBAL_ACCENT_COLOR_NAME = AccentColor;
				CODE_SIGN_STYLE = Automatic;
				INFOPLIST_FILE = BookStore_MariaEugenia/Info.plist;
				LD_RUNPATH_SEARCH_PATHS = (
					"$(inherited)",
					"@executable_path/Frameworks",
				);
				PRODUCT_BUNDLE_IDENTIFIER = "br.com.meteixeira.BookStore-MariaEugenia";
				PRODUCT_NAME = "$(TARGET_NAME)";
				SWIFT_VERSION = 5.0;
				TARGETED_DEVICE_FAMILY = "1,2";
			};
			name = Debug;
		};
		544913E82550AF6E00413AA2 /* Release */ = {
			isa = XCBuildConfiguration;
			baseConfigurationReference = 27C835F8DC75DE8A796D1656 /* Pods-BookStore_MariaEugenia.release.xcconfig */;
			buildSettings = {
				ASSETCATALOG_COMPILER_APPICON_NAME = AppIcon;
				ASSETCATALOG_COMPILER_GLOBAL_ACCENT_COLOR_NAME = AccentColor;
				CODE_SIGN_STYLE = Automatic;
				INFOPLIST_FILE = BookStore_MariaEugenia/Info.plist;
				LD_RUNPATH_SEARCH_PATHS = (
					"$(inherited)",
					"@executable_path/Frameworks",
				);
				PRODUCT_BUNDLE_IDENTIFIER = "br.com.meteixeira.BookStore-MariaEugenia";
				PRODUCT_NAME = "$(TARGET_NAME)";
				SWIFT_VERSION = 5.0;
				TARGETED_DEVICE_FAMILY = "1,2";
			};
			name = Release;
		};
		544913EA2550AF6E00413AA2 /* Debug */ = {
			isa = XCBuildConfiguration;
			baseConfigurationReference = 00497C77DCA048C0D06191EE /* Pods-BookStore_MariaEugeniaTests.debug.xcconfig */;
			buildSettings = {
				ALWAYS_EMBED_SWIFT_STANDARD_LIBRARIES = YES;
				BUNDLE_LOADER = "$(TEST_HOST)";
				CODE_SIGN_STYLE = Automatic;
				INFOPLIST_FILE = BookStore_MariaEugeniaTests/Info.plist;
				IPHONEOS_DEPLOYMENT_TARGET = 14.1;
				LD_RUNPATH_SEARCH_PATHS = (
					"$(inherited)",
					"@executable_path/Frameworks",
					"@loader_path/Frameworks",
				);
				PRODUCT_BUNDLE_IDENTIFIER = "br.com.meteixeira.BookStore-MariaEugeniaTests";
				PRODUCT_NAME = "$(TARGET_NAME)";
				SWIFT_VERSION = 5.0;
				TARGETED_DEVICE_FAMILY = "1,2";
				TEST_HOST = "$(BUILT_PRODUCTS_DIR)/BookStore_MariaEugenia.app/BookStore_MariaEugenia";
			};
			name = Debug;
		};
		544913EB2550AF6E00413AA2 /* Release */ = {
			isa = XCBuildConfiguration;
			baseConfigurationReference = 20C385A5A2EA84293ECA39CF /* Pods-BookStore_MariaEugeniaTests.release.xcconfig */;
			buildSettings = {
				ALWAYS_EMBED_SWIFT_STANDARD_LIBRARIES = YES;
				BUNDLE_LOADER = "$(TEST_HOST)";
				CODE_SIGN_STYLE = Automatic;
				INFOPLIST_FILE = BookStore_MariaEugeniaTests/Info.plist;
				IPHONEOS_DEPLOYMENT_TARGET = 14.1;
				LD_RUNPATH_SEARCH_PATHS = (
					"$(inherited)",
					"@executable_path/Frameworks",
					"@loader_path/Frameworks",
				);
				PRODUCT_BUNDLE_IDENTIFIER = "br.com.meteixeira.BookStore-MariaEugeniaTests";
				PRODUCT_NAME = "$(TARGET_NAME)";
				SWIFT_VERSION = 5.0;
				TARGETED_DEVICE_FAMILY = "1,2";
				TEST_HOST = "$(BUILT_PRODUCTS_DIR)/BookStore_MariaEugenia.app/BookStore_MariaEugenia";
			};
			name = Release;
		};
		544913ED2550AF6E00413AA2 /* Debug */ = {
			isa = XCBuildConfiguration;
			baseConfigurationReference = 362119D66AFD4714F14C1622 /* Pods-BookStore_MariaEugenia-BookStore_MariaEugeniaUITests.debug.xcconfig */;
			buildSettings = {
				ALWAYS_EMBED_SWIFT_STANDARD_LIBRARIES = YES;
				CODE_SIGN_STYLE = Automatic;
				INFOPLIST_FILE = BookStore_MariaEugeniaUITests/Info.plist;
				LD_RUNPATH_SEARCH_PATHS = (
					"$(inherited)",
					"@executable_path/Frameworks",
					"@loader_path/Frameworks",
				);
				PRODUCT_BUNDLE_IDENTIFIER = "br.com.meteixeira.BookStore-MariaEugeniaUITests";
				PRODUCT_NAME = "$(TARGET_NAME)";
				SWIFT_VERSION = 5.0;
				TARGETED_DEVICE_FAMILY = "1,2";
				TEST_TARGET_NAME = BookStore_MariaEugenia;
			};
			name = Debug;
		};
		544913EE2550AF6E00413AA2 /* Release */ = {
			isa = XCBuildConfiguration;
			baseConfigurationReference = F0B2C77078CDE42386F2F83A /* Pods-BookStore_MariaEugenia-BookStore_MariaEugeniaUITests.release.xcconfig */;
			buildSettings = {
				ALWAYS_EMBED_SWIFT_STANDARD_LIBRARIES = YES;
				CODE_SIGN_STYLE = Automatic;
				INFOPLIST_FILE = BookStore_MariaEugeniaUITests/Info.plist;
				LD_RUNPATH_SEARCH_PATHS = (
					"$(inherited)",
					"@executable_path/Frameworks",
					"@loader_path/Frameworks",
				);
				PRODUCT_BUNDLE_IDENTIFIER = "br.com.meteixeira.BookStore-MariaEugeniaUITests";
				PRODUCT_NAME = "$(TARGET_NAME)";
				SWIFT_VERSION = 5.0;
				TARGETED_DEVICE_FAMILY = "1,2";
				TEST_TARGET_NAME = BookStore_MariaEugenia;
			};
			name = Release;
		};
/* End XCBuildConfiguration section */

/* Begin XCConfigurationList section */
		544913B72550AF6D00413AA2 /* Build configuration list for PBXProject "BookStore_MariaEugenia" */ = {
			isa = XCConfigurationList;
			buildConfigurations = (
				544913E42550AF6E00413AA2 /* Debug */,
				544913E52550AF6E00413AA2 /* Release */,
			);
			defaultConfigurationIsVisible = 0;
			defaultConfigurationName = Release;
		};
		544913E62550AF6E00413AA2 /* Build configuration list for PBXNativeTarget "BookStore_MariaEugenia" */ = {
			isa = XCConfigurationList;
			buildConfigurations = (
				544913E72550AF6E00413AA2 /* Debug */,
				544913E82550AF6E00413AA2 /* Release */,
			);
			defaultConfigurationIsVisible = 0;
			defaultConfigurationName = Release;
		};
		544913E92550AF6E00413AA2 /* Build configuration list for PBXNativeTarget "BookStore_MariaEugeniaTests" */ = {
			isa = XCConfigurationList;
			buildConfigurations = (
				544913EA2550AF6E00413AA2 /* Debug */,
				544913EB2550AF6E00413AA2 /* Release */,
			);
			defaultConfigurationIsVisible = 0;
			defaultConfigurationName = Release;
		};
		544913EC2550AF6E00413AA2 /* Build configuration list for PBXNativeTarget "BookStore_MariaEugeniaUITests" */ = {
			isa = XCConfigurationList;
			buildConfigurations = (
				544913ED2550AF6E00413AA2 /* Debug */,
				544913EE2550AF6E00413AA2 /* Release */,
			);
			defaultConfigurationIsVisible = 0;
			defaultConfigurationName = Release;
		};
/* End XCConfigurationList section */
	};
	rootObject = 544913B42550AF6D00413AA2 /* Project object */;
}
